
Microsoft Visual Studio Solution File, Format Version 12.00
# Visual Studio 14
VisualStudioVersion = 14.0.25420.1
MinimumVisualStudioVersion = 10.0.40219.1
Project("{2150E333-8FDC-42A3-9474-1A3956D46DE8}") = "src", "src", "{DDE7FEF6-4033-4D42-A708-E8B08FE137CC}"
EndProject
Project("{2150E333-8FDC-42A3-9474-1A3956D46DE8}") = "Solution Items", "Solution Items", "{0AA645EA-D2E2-45A8-84BD-1122F795A464}"
	ProjectSection(SolutionItems) = preProject
		global.json = global.json
	EndProjectSection
EndProject
Project("{8BB2217D-0F2D-49D1-97BC-3654ED321F3B}") = "WebApplication2", "src\WebApplication2\WebApplication2.xproj", "{13E64F6D-8AAF-465B-99E8-E35AB0676B6E}"
EndProject
Global
	GlobalSection(SolutionConfigurationPlatforms) = preSolution
		Debug|Any CPU = Debug|Any CPU
		Release|Any CPU = Release|Any CPU
	EndGlobalSection
	GlobalSection(ProjectConfigurationPlatforms) = postSolution
		{13E64F6D-8AAF-465B-99E8-E35AB0676B6E}.Debug|Any CPU.ActiveCfg = Debug|Any CPU
		{13E64F6D-8AAF-465B-99E8-E35AB0676B6E}.Debug|Any CPU.Build.0 = Debug|Any CPU
		{13E64F6D-8AAF-465B-99E8-E35AB0676B6E}.Release|Any CPU.ActiveCfg = Release|Any CPU
		{13E64F6D-8AAF-465B-99E8-E35AB0676B6E}.Release|Any CPU.Build.0 = Release|Any CPU
	EndGlobalSection
	GlobalSection(SolutionProperties) = preSolution
		HideSolutionNode = FALSE
	EndGlobalSection
	GlobalSection(NestedProjects) = preSolution
		{13E64F6D-8AAF-465B-99E8-E35AB0676B6E} = {DDE7FEF6-4033-4D42-A708-E8B08FE137CC}
	EndGlobalSection
EndGlobal
